
Microsoft Visual Studio Solution File, Format Version 12.00
# Visual Studio Version 16
VisualStudioVersion = 16.0.29411.108
MinimumVisualStudioVersion = 10.0.40219.1
Project("{9A19103F-16F7-4668-BE54-9A1E7A4F7556}") = "Test", "Test\Test.csproj", "{60A3C35A-68C4-4D6C-B1FA-57D654CD2975}"
EndProject
Project("{9A19103F-16F7-4668-BE54-9A1E7A4F7556}") = "Models", "Models\Models.csproj", "{CC59E673-6B98-4042-A122-AADD13875373}"
EndProject
Project("{2150E333-8FDC-42A3-9474-1A3956D46DE8}") = "Finances", "Finances", "{7502E94A-3B2C-4388-AD65-B8E9731D8431}"
EndProject
Project("{9A19103F-16F7-4668-BE54-9A1E7A4F7556}") = "Finances.Models", "Finances\Finances.Models\Finances.Models.csproj", "{32D2AA08-2C44-4339-B74D-92972C531FED}"
EndProject
Project("{2150E333-8FDC-42A3-9474-1A3956D46DE8}") = "Orders", "Orders", "{D4644EE7-DD3B-4A58-B035-2AD7252BA86C}"
EndProject
Project("{9A19103F-16F7-4668-BE54-9A1E7A4F7556}") = "Orders.Models", "Orders\Orders.Models\Orders.Models.csproj", "{52861B72-D001-4C6C-8A90-FBE703A13C7F}"
EndProject
Project("{9A19103F-16F7-4668-BE54-9A1E7A4F7556}") = "Finances.App", "Finances\Finances.App\Finances.App.csproj", "{3A91615A-34A0-4CE2-A3A8-1644D703D2DD}"
EndProject
Project("{9A19103F-16F7-4668-BE54-9A1E7A4F7556}") = "Utils", "Utils\Utils.csproj", "{62A24D34-5069-44CE-917B-7C942A926CAA}"
EndProject
Project("{9A19103F-16F7-4668-BE54-9A1E7A4F7556}") = "Orders.App", "Orders\Orders.App\Orders.App.csproj", "{5B2DC6E5-CD73-4339-9507-4297645E02EF}"
EndProject
Project("{2150E333-8FDC-42A3-9474-1A3956D46DE8}") = "Warehouses", "Warehouses", "{00D8A045-52A0-4349-832D-796FD5100E2D}"
EndProject
Project("{2150E333-8FDC-42A3-9474-1A3956D46DE8}") = "Shipping", "Shipping", "{290AB2AB-755D-4B87-8338-5C9F2319D610}"
EndProject
Project("{9A19103F-16F7-4668-BE54-9A1E7A4F7556}") = "Shipping.App", "Shipping\Shipping.App\Shipping.App.csproj", "{32C78A94-3DB3-4F39-AFDC-BACD8E345B74}"
EndProject
Project("{9A19103F-16F7-4668-BE54-9A1E7A4F7556}") = "Warehouses.App", "Warehouses\Warehouses.App\Warehouses.App.csproj", "{A7A3D263-095B-424F-9E10-769B4428C317}"
EndProject
Project("{9A19103F-16F7-4668-BE54-9A1E7A4F7556}") = "Warehouses.Models", "Warehouses\Warehouses.Models\Warehouses.Models.csproj", "{5B043C18-7951-4F75-8A5B-CFE7546CAD40}"
EndProject
Project("{2150E333-8FDC-42A3-9474-1A3956D46DE8}") = "Processing", "Processing", "{3ACF9C7C-9355-410E-A2B5-7E10B4BEFCD0}"
EndProject
Project("{FAE04EC0-301F-11D3-BF4B-00C04F79EFBC}") = "Processing.App", "Processing\Processing.App\Processing.App.csproj", "{4287A1D3-0BE4-4F4C-B7DF-505CB68B2A68}"
EndProject
Project("{FAE04EC0-301F-11D3-BF4B-00C04F79EFBC}") = "Processing.Models", "Processing\Processing.Models\Processing.Models.csproj", "{DFF985BB-BAB8-4C04-B9DA-36D1D33F5D78}"
EndProject
Global
	GlobalSection(SolutionConfigurationPlatforms) = preSolution
		Debug|Any CPU = Debug|Any CPU
		Release|Any CPU = Release|Any CPU
	EndGlobalSection
	GlobalSection(ProjectConfigurationPlatforms) = postSolution
		{60A3C35A-68C4-4D6C-B1FA-57D654CD2975}.Debug|Any CPU.ActiveCfg = Debug|Any CPU
		{60A3C35A-68C4-4D6C-B1FA-57D654CD2975}.Debug|Any CPU.Build.0 = Debug|Any CPU
		{60A3C35A-68C4-4D6C-B1FA-57D654CD2975}.Release|Any CPU.ActiveCfg = Release|Any CPU
		{60A3C35A-68C4-4D6C-B1FA-57D654CD2975}.Release|Any CPU.Build.0 = Release|Any CPU
		{CC59E673-6B98-4042-A122-AADD13875373}.Debug|Any CPU.ActiveCfg = Debug|Any CPU
		{CC59E673-6B98-4042-A122-AADD13875373}.Debug|Any CPU.Build.0 = Debug|Any CPU
		{CC59E673-6B98-4042-A122-AADD13875373}.Release|Any CPU.ActiveCfg = Release|Any CPU
		{CC59E673-6B98-4042-A122-AADD13875373}.Release|Any CPU.Build.0 = Release|Any CPU
		{32D2AA08-2C44-4339-B74D-92972C531FED}.Debug|Any CPU.ActiveCfg = Debug|Any CPU
		{32D2AA08-2C44-4339-B74D-92972C531FED}.Debug|Any CPU.Build.0 = Debug|Any CPU
		{32D2AA08-2C44-4339-B74D-92972C531FED}.Release|Any CPU.ActiveCfg = Release|Any CPU
		{32D2AA08-2C44-4339-B74D-92972C531FED}.Release|Any CPU.Build.0 = Release|Any CPU
		{52861B72-D001-4C6C-8A90-FBE703A13C7F}.Debug|Any CPU.ActiveCfg = Debug|Any CPU
		{52861B72-D001-4C6C-8A90-FBE703A13C7F}.Debug|Any CPU.Build.0 = Debug|Any CPU
		{52861B72-D001-4C6C-8A90-FBE703A13C7F}.Release|Any CPU.ActiveCfg = Release|Any CPU
		{52861B72-D001-4C6C-8A90-FBE703A13C7F}.Release|Any CPU.Build.0 = Release|Any CPU
		{3A91615A-34A0-4CE2-A3A8-1644D703D2DD}.Debug|Any CPU.ActiveCfg = Debug|Any CPU
		{3A91615A-34A0-4CE2-A3A8-1644D703D2DD}.Debug|Any CPU.Build.0 = Debug|Any CPU
		{3A91615A-34A0-4CE2-A3A8-1644D703D2DD}.Release|Any CPU.ActiveCfg = Release|Any CPU
		{3A91615A-34A0-4CE2-A3A8-1644D703D2DD}.Release|Any CPU.Build.0 = Release|Any CPU
		{62A24D34-5069-44CE-917B-7C942A926CAA}.Debug|Any CPU.ActiveCfg = Debug|Any CPU
		{62A24D34-5069-44CE-917B-7C942A926CAA}.Debug|Any CPU.Build.0 = Debug|Any CPU
		{62A24D34-5069-44CE-917B-7C942A926CAA}.Release|Any CPU.ActiveCfg = Release|Any CPU
		{62A24D34-5069-44CE-917B-7C942A926CAA}.Release|Any CPU.Build.0 = Release|Any CPU
		{5B2DC6E5-CD73-4339-9507-4297645E02EF}.Debug|Any CPU.ActiveCfg = Debug|Any CPU
		{5B2DC6E5-CD73-4339-9507-4297645E02EF}.Debug|Any CPU.Build.0 = Debug|Any CPU
		{5B2DC6E5-CD73-4339-9507-4297645E02EF}.Release|Any CPU.ActiveCfg = Release|Any CPU
		{5B2DC6E5-CD73-4339-9507-4297645E02EF}.Release|Any CPU.Build.0 = Release|Any CPU
		{32C78A94-3DB3-4F39-AFDC-BACD8E345B74}.Debug|Any CPU.ActiveCfg = Debug|Any CPU
		{32C78A94-3DB3-4F39-AFDC-BACD8E345B74}.Debug|Any CPU.Build.0 = Debug|Any CPU
		{32C78A94-3DB3-4F39-AFDC-BACD8E345B74}.Release|Any CPU.ActiveCfg = Release|Any CPU
		{32C78A94-3DB3-4F39-AFDC-BACD8E345B74}.Release|Any CPU.Build.0 = Release|Any CPU
		{A7A3D263-095B-424F-9E10-769B4428C317}.Debug|Any CPU.ActiveCfg = Debug|Any CPU
		{A7A3D263-095B-424F-9E10-769B4428C317}.Debug|Any CPU.Build.0 = Debug|Any CPU
		{A7A3D263-095B-424F-9E10-769B4428C317}.Release|Any CPU.ActiveCfg = Release|Any CPU
		{A7A3D263-095B-424F-9E10-769B4428C317}.Release|Any CPU.Build.0 = Release|Any CPU
		{5B043C18-7951-4F75-8A5B-CFE7546CAD40}.Debug|Any CPU.ActiveCfg = Debug|Any CPU
		{5B043C18-7951-4F75-8A5B-CFE7546CAD40}.Debug|Any CPU.Build.0 = Debug|Any CPU
		{5B043C18-7951-4F75-8A5B-CFE7546CAD40}.Release|Any CPU.ActiveCfg = Release|Any CPU
		{5B043C18-7951-4F75-8A5B-CFE7546CAD40}.Release|Any CPU.Build.0 = Release|Any CPU
		{4287A1D3-0BE4-4F4C-B7DF-505CB68B2A68}.Debug|Any CPU.ActiveCfg = Debug|Any CPU
		{4287A1D3-0BE4-4F4C-B7DF-505CB68B2A68}.Debug|Any CPU.Build.0 = Debug|Any CPU
		{4287A1D3-0BE4-4F4C-B7DF-505CB68B2A68}.Release|Any CPU.ActiveCfg = Release|Any CPU
		{4287A1D3-0BE4-4F4C-B7DF-505CB68B2A68}.Release|Any CPU.Build.0 = Release|Any CPU
		{DFF985BB-BAB8-4C04-B9DA-36D1D33F5D78}.Debug|Any CPU.ActiveCfg = Debug|Any CPU
		{DFF985BB-BAB8-4C04-B9DA-36D1D33F5D78}.Debug|Any CPU.Build.0 = Debug|Any CPU
		{DFF985BB-BAB8-4C04-B9DA-36D1D33F5D78}.Release|Any CPU.ActiveCfg = Release|Any CPU
		{DFF985BB-BAB8-4C04-B9DA-36D1D33F5D78}.Release|Any CPU.Build.0 = Release|Any CPU
	EndGlobalSection
	GlobalSection(SolutionProperties) = preSolution
		HideSolutionNode = FALSE
	EndGlobalSection
	GlobalSection(NestedProjects) = preSolution
		{32D2AA08-2C44-4339-B74D-92972C531FED} = {7502E94A-3B2C-4388-AD65-B8E9731D8431}
		{52861B72-D001-4C6C-8A90-FBE703A13C7F} = {D4644EE7-DD3B-4A58-B035-2AD7252BA86C}
		{3A91615A-34A0-4CE2-A3A8-1644D703D2DD} = {7502E94A-3B2C-4388-AD65-B8E9731D8431}
		{5B2DC6E5-CD73-4339-9507-4297645E02EF} = {D4644EE7-DD3B-4A58-B035-2AD7252BA86C}
		{32C78A94-3DB3-4F39-AFDC-BACD8E345B74} = {290AB2AB-755D-4B87-8338-5C9F2319D610}
		{A7A3D263-095B-424F-9E10-769B4428C317} = {00D8A045-52A0-4349-832D-796FD5100E2D}
		{5B043C18-7951-4F75-8A5B-CFE7546CAD40} = {00D8A045-52A0-4349-832D-796FD5100E2D}
		{4287A1D3-0BE4-4F4C-B7DF-505CB68B2A68} = {3ACF9C7C-9355-410E-A2B5-7E10B4BEFCD0}
		{DFF985BB-BAB8-4C04-B9DA-36D1D33F5D78} = {3ACF9C7C-9355-410E-A2B5-7E10B4BEFCD0}
	EndGlobalSection
	GlobalSection(ExtensibilityGlobals) = postSolution
		SolutionGuid = {04756F0B-5C6E-4348-8E1E-2F4700107163}
	EndGlobalSection
EndGlobal
